
Microsoft Visual Studio Solution File, Format Version 12.00
# Visual Studio 2012
Project("{FAE04EC0-301F-11D3-BF4B-00C04F79EFBC}") = "LogicLayer", "LogicLayer\LogicLayer.csproj", "{2286A187-D8D4-4A19-BA64-80964171D81E}"
EndProject
Project("{FAE04EC0-301F-11D3-BF4B-00C04F79EFBC}") = "TestWebSolution", "TestWebSolution\TestWebSolution.csproj", "{1DEC13D4-0369-462E-A374-2D9507143C44}"
EndProject
Global
	GlobalSection(SolutionConfigurationPlatforms) = preSolution
		Debug|Any CPU = Debug|Any CPU
		Release|Any CPU = Release|Any CPU
	EndGlobalSection
	GlobalSection(ProjectConfigurationPlatforms) = postSolution
		{2286A187-D8D4-4A19-BA64-80964171D81E}.Debug|Any CPU.ActiveCfg = Debug|Any CPU
		{2286A187-D8D4-4A19-BA64-80964171D81E}.Debug|Any CPU.Build.0 = Debug|Any CPU
		{2286A187-D8D4-4A19-BA64-80964171D81E}.Release|Any CPU.ActiveCfg = Release|Any CPU
		{2286A187-D8D4-4A19-BA64-80964171D81E}.Release|Any CPU.Build.0 = Release|Any CPU
		{1DEC13D4-0369-462E-A374-2D9507143C44}.Debug|Any CPU.ActiveCfg = Debug|Any CPU
		{1DEC13D4-0369-462E-A374-2D9507143C44}.Debug|Any CPU.Build.0 = Debug|Any CPU
		{1DEC13D4-0369-462E-A374-2D9507143C44}.Release|Any CPU.ActiveCfg = Release|Any CPU
		{1DEC13D4-0369-462E-A374-2D9507143C44}.Release|Any CPU.Build.0 = Release|Any CPU
	EndGlobalSection
	GlobalSection(SolutionProperties) = preSolution
		HideSolutionNode = FALSE
	EndGlobalSection
EndGlobal
